
Microsoft Visual Studio Solution File, Format Version 12.00
# Visual Studio Version 17
VisualStudioVersion = 17.14.37111.16 d17.14
MinimumVisualStudioVersion = 10.0.40219.1
Project("{FAE04EC0-301F-11D3-BF4B-00C04F79EFBC}") = "InventoryApp.Mobile", "InventoryApp.Mobile\InventoryApp.Mobile.csproj", "{11C7D2B5-7AD0-400D-AC02-E40DDC33A5F9}"
EndProject
Project("{FAE04EC0-301F-11D3-BF4B-00C04F79EFBC}") = "InventoryApp.Api", "InventoryApp.Api\InventoryApp.Api.csproj", "{94EA5765-CA81-4661-830A-1443FCC04981}"
EndProject
Global
	GlobalSection(SolutionConfigurationPlatforms) = preSolution
		Debug|Any CPU = Debug|Any CPU
		Release|Any CPU = Release|Any CPU
	EndGlobalSection
	GlobalSection(ProjectConfigurationPlatforms) = postSolution
		{11C7D2B5-7AD0-400D-AC02-E40DDC33A5F9}.Debug|Any CPU.ActiveCfg = Debug|Any CPU
		{11C7D2B5-7AD0-400D-AC02-E40DDC33A5F9}.Debug|Any CPU.Build.0 = Debug|Any CPU
		{11C7D2B5-7AD0-400D-AC02-E40DDC33A5F9}.Debug|Any CPU.Deploy.0 = Debug|Any CPU
		{11C7D2B5-7AD0-400D-AC02-E40DDC33A5F9}.Release|Any CPU.ActiveCfg = Release|Any CPU
		{11C7D2B5-7AD0-400D-AC02-E40DDC33A5F9}.Release|Any CPU.Build.0 = Release|Any CPU
		{11C7D2B5-7AD0-400D-AC02-E40DDC33A5F9}.Release|Any CPU.Deploy.0 = Release|Any CPU
		{94EA5765-CA81-4661-830A-1443FCC04981}.Debug|Any CPU.ActiveCfg = Debug|Any CPU
		{94EA5765-CA81-4661-830A-1443FCC04981}.Debug|Any CPU.Build.0 = Debug|Any CPU
		{94EA5765-CA81-4661-830A-1443FCC04981}.Release|Any CPU.ActiveCfg = Release|Any CPU
		{94EA5765-CA81-4661-830A-1443FCC04981}.Release|Any CPU.Build.0 = Release|Any CPU
	EndGlobalSection
	GlobalSection(SolutionProperties) = preSolution
		HideSolutionNode = FALSE
	EndGlobalSection
	GlobalSection(ExtensibilityGlobals) = postSolution
		SolutionGuid = {0064494E-8E02-41F1-8467-F6493F2631D7}
	EndGlobalSection
EndGlobal
